
Microsoft Visual Studio Solution File, Format Version 12.00
# Visual Studio 15
VisualStudioVersion = 15.0.28307.757
MinimumVisualStudioVersion = 10.0.40219.1
Project("{FAE04EC0-301F-11D3-BF4B-00C04F79EFBC}") = "splunk-aks-backup-func", "splunk-aks-backup-func\splunk-aks-backup-func.csproj", "{524A6F26-D5A1-4635-A70A-71388490A160}"
EndProject
Global
	GlobalSection(SolutionConfigurationPlatforms) = preSolution
		Debug|Any CPU = Debug|Any CPU
		Release|Any CPU = Release|Any CPU
	EndGlobalSection
	GlobalSection(ProjectConfigurationPlatforms) = postSolution
		{524A6F26-D5A1-4635-A70A-71388490A160}.Debug|Any CPU.ActiveCfg = Debug|Any CPU
		{524A6F26-D5A1-4635-A70A-71388490A160}.Debug|Any CPU.Build.0 = Debug|Any CPU
		{524A6F26-D5A1-4635-A70A-71388490A160}.Release|Any CPU.ActiveCfg = Release|Any CPU
		{524A6F26-D5A1-4635-A70A-71388490A160}.Release|Any CPU.Build.0 = Release|Any CPU
	EndGlobalSection
	GlobalSection(SolutionProperties) = preSolution
		HideSolutionNode = FALSE
	EndGlobalSection
	GlobalSection(ExtensibilityGlobals) = postSolution
		SolutionGuid = {6409DF76-6077-4FDC-A980-0AC4CA7ED455}
	EndGlobalSection
EndGlobal
